// !$*UTF8*$!
{
	archiveVersion = 1;
	classes = {
	};
	objectVersion = 50;
	objects = {

/* Begin PBXBuildFile section */
		E97D8AF522CBA24000883292 /* MultilineForm.swift in Sources */ = {isa = PBXBuildFile; fileRef = E97D8AF422CBA24000883292 /* MultilineForm.swift */; };
		E97D8AF822CBAC3600883292 /* PlantsForm.swift in Sources */ = {isa = PBXBuildFile; fileRef = E97D8AF722CBAC3600883292 /* PlantsForm.swift */; };
		E984F26A22C7CC320041003B /* PlantLocalSotore.swift in Sources */ = {isa = PBXBuildFile; fileRef = E984F26922C7CC320041003B /* PlantLocalSotore.swift */; };
		E984F26C22C7CE8A0041003B /* Plants.json in Resources */ = {isa = PBXBuildFile; fileRef = E984F26B22C7CE8A0041003B /* Plants.json */; };
		E984F26F22C7D0050041003B /* Plant.swift in Sources */ = {isa = PBXBuildFile; fileRef = E984F26E22C7D0050041003B /* Plant.swift */; };
		E9C0097F22C797BB00A4734D /* AppDelegate.swift in Sources */ = {isa = PBXBuildFile; fileRef = E9C0097E22C797BB00A4734D /* AppDelegate.swift */; };
		E9C0098122C797BB00A4734D /* SceneDelegate.swift in Sources */ = {isa = PBXBuildFile; fileRef = E9C0098022C797BB00A4734D /* SceneDelegate.swift */; };
		E9C0098322C797BB00A4734D /* PlantCell.swift in Sources */ = {isa = PBXBuildFile; fileRef = E9C0098222C797BB00A4734D /* PlantCell.swift */; };
		E9C0098522C797BE00A4734D /* Assets.xcassets in Resources */ = {isa = PBXBuildFile; fileRef = E9C0098422C797BE00A4734D /* Assets.xcassets */; };
		E9C0098822C797BE00A4734D /* Preview Assets.xcassets in Resources */ = {isa = PBXBuildFile; fileRef = E9C0098722C797BE00A4734D /* Preview Assets.xcassets */; };
		E9C0098B22C797BE00A4734D /* LaunchScreen.storyboard in Resources */ = {isa = PBXBuildFile; fileRef = E9C0098922C797BE00A4734D /* LaunchScreen.storyboard */; };
		E9C0099322C7A7E700A4734D /* PlantHome.swift in Sources */ = {isa = PBXBuildFile; fileRef = E9C0099222C7A7E700A4734D /* PlantHome.swift */; };
/* End PBXBuildFile section */

/* Begin PBXFileReference section */
		E97D8AF422CBA24000883292 /* MultilineForm.swift */ = {isa = PBXFileReference; lastKnownFileType = sourcecode.swift; path = MultilineForm.swift; sourceTree = "<group>"; };
		E97D8AF722CBAC3600883292 /* PlantsForm.swift */ = {isa = PBXFileReference; lastKnownFileType = sourcecode.swift; path = PlantsForm.swift; sourceTree = "<group>"; };
		E984F26922C7CC320041003B /* PlantLocalSotore.swift */ = {isa = PBXFileReference; lastKnownFileType = sourcecode.swift; path = PlantLocalSotore.swift; sourceTree = "<group>"; };
		E984F26B22C7CE8A0041003B /* Plants.json */ = {isa = PBXFileReference; lastKnownFileType = text.json; path = Plants.json; sourceTree = "<group>"; };
		E984F26E22C7D0050041003B /* Plant.swift */ = {isa = PBXFileReference; lastKnownFileType = sourcecode.swift; path = Plant.swift; sourceTree = "<group>"; };
		E9C0097B22C797BB00A4734D /* simpleViews.app */ = {isa = PBXFileReference; explicitFileType = wrapper.application; includeInIndex = 0; path = simpleViews.app; sourceTree = BUILT_PRODUCTS_DIR; };
		E9C0097E22C797BB00A4734D /* AppDelegate.swift */ = {isa = PBXFileReference; lastKnownFileType = sourcecode.swift; path = AppDelegate.swift; sourceTree = "<group>"; };
		E9C0098022C797BB00A4734D /* SceneDelegate.swift */ = {isa = PBXFileReference; lastKnownFileType = sourcecode.swift; path = SceneDelegate.swift; sourceTree = "<group>"; };
		E9C0098222C797BB00A4734D /* PlantCell.swift */ = {isa = PBXFileReference; lastKnownFileType = sourcecode.swift; path = PlantCell.swift; sourceTree = "<group>"; };
		E9C0098422C797BE00A4734D /* Assets.xcassets */ = {isa = PBXFileReference; lastKnownFileType = folder.assetcatalog; path = Assets.xcassets; sourceTree = "<group>"; };
		E9C0098722C797BE00A4734D /* Preview Assets.xcassets */ = {isa = PBXFileReference; lastKnownFileType = folder.assetcatalog; path = "Preview Assets.xcassets"; sourceTree = "<group>"; };
		E9C0098A22C797BE00A4734D /* Base */ = {isa = PBXFileReference; lastKnownFileType = file.storyboard; name = Base; path = Base.lproj/LaunchScreen.storyboard; sourceTree = "<group>"; };
		E9C0098C22C797BE00A4734D /* Info.plist */ = {isa = PBXFileReference; lastKnownFileType = text.plist.xml; path = Info.plist; sourceTree = "<group>"; };
		E9C0099222C7A7E700A4734D /* PlantHome.swift */ = {isa = PBXFileReference; lastKnownFileType = sourcecode.swift; path = PlantHome.swift; sourceTree = "<group>"; };
/* End PBXFileReference section */

/* Begin PBXFrameworksBuildPhase section */
		E9C0097822C797BB00A4734D /* Frameworks */ = {
			isa = PBXFrameworksBuildPhase;
			buildActionMask = 2147483647;
			files = (
			);
			runOnlyForDeploymentPostprocessing = 0;
		};
/* End PBXFrameworksBuildPhase section */

/* Begin PBXGroup section */
		E97D8AF622CBA24900883292 /* Model */ = {
			isa = PBXGroup;
			children = (
				E984F26922C7CC320041003B /* PlantLocalSotore.swift */,
				E984F26D22C7CE910041003B /* JSON */,
				E984F26E22C7D0050041003B /* Plant.swift */,
			);
			path = Model;
			sourceTree = "<group>";
		};
		E984F26D22C7CE910041003B /* JSON */ = {
			isa = PBXGroup;
			children = (
				E984F26B22C7CE8A0041003B /* Plants.json */,
			);
			path = JSON;
			sourceTree = "<group>";
		};
		E9C0097222C797BB00A4734D = {
			isa = PBXGroup;
			children = (
				E97D8AF622CBA24900883292 /* Model */,
				E9C0097D22C797BB00A4734D /* simpleViews */,
				E9C0097C22C797BB00A4734D /* Products */,
			);
			sourceTree = "<group>";
		};
		E9C0097C22C797BB00A4734D /* Products */ = {
			isa = PBXGroup;
			children = (
				E9C0097B22C797BB00A4734D /* simpleViews.app */,
			);
			name = Products;
			sourceTree = "<group>";
		};
		E9C0097D22C797BB00A4734D /* simpleViews */ = {
			isa = PBXGroup;
			children = (
				E97D8AF722CBAC3600883292 /* PlantsForm.swift */,
				E9C0097E22C797BB00A4734D /* AppDelegate.swift */,
				E9C0098022C797BB00A4734D /* SceneDelegate.swift */,
				E9C0098222C797BB00A4734D /* PlantCell.swift */,
				E9C0099222C7A7E700A4734D /* PlantHome.swift */,
				E97D8AF422CBA24000883292 /* MultilineForm.swift */,
				E9C0098422C797BE00A4734D /* Assets.xcassets */,
				E9C0098922C797BE00A4734D /* LaunchScreen.storyboard */,
				E9C0098C22C797BE00A4734D /* Info.plist */,
				E9C0098622C797BE00A4734D /* Preview Content */,
			);
			path = simpleViews;
			sourceTree = "<group>";
		};
		E9C0098622C797BE00A4734D /* Preview Content */ = {
			isa = PBXGroup;
			children = (
				E9C0098722C797BE00A4734D /* Preview Assets.xcassets */,
			);
			path = "Preview Content";
			sourceTree = "<group>";
		};
/* End PBXGroup section */

/* Begin PBXNativeTarget section */
		E9C0097A22C797BB00A4734D /* simpleViews */ = {
			isa = PBXNativeTarget;
			buildConfigurationList = E9C0098F22C797BE00A4734D /* Build configuration list for PBXNativeTarget "simpleViews" */;
			buildPhases = (
				E9C0097722C797BB00A4734D /* Sources */,
				E9C0097822C797BB00A4734D /* Frameworks */,
				E9C0097922C797BB00A4734D /* Resources */,
			);
			buildRules = (
			);
			dependencies = (
			);
			name = simpleViews;
			productName = simpleViews;
			productReference = E9C0097B22C797BB00A4734D /* simpleViews.app */;
			productType = "com.apple.product-type.application";
		};
/* End PBXNativeTarget section */

/* Begin PBXProject section */
		E9C0097322C797BB00A4734D /* Project object */ = {
			isa = PBXProject;
			attributes = {
				LastSwiftUpdateCheck = 1100;
				LastUpgradeCheck = 1100;
				ORGANIZATIONNAME = "Kateryna Gridina";
				TargetAttributes = {
					E9C0097A22C797BB00A4734D = {
						CreatedOnToolsVersion = 11.0;
					};
				};
			};
			buildConfigurationList = E9C0097622C797BB00A4734D /* Build configuration list for PBXProject "simpleViews" */;
			compatibilityVersion = "Xcode 9.3";
			developmentRegion = en;
			hasScannedForEncodings = 0;
			knownRegions = (
				en,
				Base,
			);
			mainGroup = E9C0097222C797BB00A4734D;
			productRefGroup = E9C0097C22C797BB00A4734D /* Products */;
			projectDirPath = "";
			projectRoot = "";
			targets = (
				E9C0097A22C797BB00A4734D /* simpleViews */,
			);
		};
/* End PBXProject section */

/* Begin PBXResourcesBuildPhase section */
		E9C0097922C797BB00A4734D /* Resources */ = {
			isa = PBXResourcesBuildPhase;
			buildActionMask = 2147483647;
			files = (
				E9C0098B22C797BE00A4734D /* LaunchScreen.storyboard in Resources */,
				E984F26C22C7CE8A0041003B /* Plants.json in Resources */,
				E9C0098822C797BE00A4734D /* Preview Assets.xcassets in Resources */,
				E9C0098522C797BE00A4734D /* Assets.xcassets in Resources */,
			);
			runOnlyForDeploymentPostprocessing = 0;
		};
/* End PBXResourcesBuildPhase section */

/* Begin PBXSourcesBuildPhase section */
		E9C0097722C797BB00A4734D /* Sources */ = {
			isa = PBXSourcesBuildPhase;
			buildActionMask = 2147483647;
			files = (
				E9C0097F22C797BB00A4734D /* AppDelegate.swift in Sources */,
				E97D8AF822CBAC3600883292 /* PlantsForm.swift in Sources */,
				E984F26F22C7D0050041003B /* Plant.swift in Sources */,
				E9C0098122C797BB00A4734D /* SceneDelegate.swift in Sources */,
				E97D8AF522CBA24000883292 /* MultilineForm.swift in Sources */,
				E984F26A22C7CC320041003B /* PlantLocalSotore.swift in Sources */,
				E9C0099322C7A7E700A4734D /* PlantHome.swift in Sources */,
				E9C0098322C797BB00A4734D /* PlantCell.swift in Sources */,
			);
			runOnlyForDeploymentPostprocessing = 0;
		};
/* End PBXSourcesBuildPhase section */

/* Begin PBXVariantGroup section */
		E9C0098922C797BE00A4734D /* LaunchScreen.storyboard */ = {
			isa = PBXVariantGroup;
			children = (
				E9C0098A22C797BE00A4734D /* Base */,
			);
			name = LaunchScreen.storyboard;
			sourceTree = "<group>";
		};
/* End PBXVariantGroup section */

/* Begin XCBuildConfiguration section */
		E9C0098D22C797BE00A4734D /* Debug */ = {
			isa = XCBuildConfiguration;
			buildSettings = {
				ALWAYS_SEARCH_USER_PATHS = NO;
				CLANG_ANALYZER_NONNULL = YES;
				CLANG_ANALYZER_NUMBER_OBJECT_CONVERSION = YES_AGGRESSIVE;
				CLANG_CXX_LANGUAGE_STANDARD = "gnu++14";
				CLANG_CXX_LIBRARY = "libc++";
				CLANG_ENABLE_MODULES = YES;
				CLANG_ENABLE_OBJC_ARC = YES;
				CLANG_ENABLE_OBJC_WEAK = YES;
				CLANG_WARN_BLOCK_CAPTURE_AUTORELEASING = YES;
				CLANG_WARN_BOOL_CONVERSION = YES;
				CLANG_WARN_COMMA = YES;
				CLANG_WARN_CONSTANT_CONVERSION = YES;
				CLANG_WARN_DEPRECATED_OBJC_IMPLEMENTATIONS = YES;
				CLANG_WARN_DIRECT_OBJC_ISA_USAGE = YES_ERROR;
				CLANG_WARN_DOCUMENTATION_COMMENTS = YES;
				CLANG_WARN_EMPTY_BODY = YES;
				CLANG_WARN_ENUM_CONVERSION = YES;
				CLANG_WARN_INFINITE_RECURSION = YES;
				CLANG_WARN_INT_CONVERSION = YES;
				CLANG_WARN_NON_LITERAL_NULL_CONVERSION = YES;
				CLANG_WARN_OBJC_IMPLICIT_RETAIN_SELF = YES;
				CLANG_WARN_OBJC_LITERAL_CONVERSION = YES;
				CLANG_WARN_OBJC_ROOT_CLASS = YES_ERROR;
				CLANG_WARN_RANGE_LOOP_ANALYSIS = YES;
				CLANG_WARN_STRICT_PROTOTYPES = YES;
				CLANG_WARN_SUSPICIOUS_MOVE = YES;
				CLANG_WARN_UNGUARDED_AVAILABILITY = YES_AGGRESSIVE;
				CLANG_WARN_UNREACHABLE_CODE = YES;
				CLANG_WARN__DUPLICATE_METHOD_MATCH = YES;
				COPY_PHASE_STRIP = NO;
				DEBUG_INFORMATION_FORMAT = dwarf;
				ENABLE_STRICT_OBJC_MSGSEND = YES;
				ENABLE_TESTABILITY = YES;
				GCC_C_LANGUAGE_STANDARD = gnu11;
				GCC_DYNAMIC_NO_PIC = NO;
				GCC_NO_COMMON_BLOCKS = YES;
				GCC_OPTIMIZATION_LEVEL = 0;
				GCC_PREPROCESSOR_DEFINITIONS = (
					"DEBUG=1",
					"$(inherited)",
				);
				GCC_WARN_64_TO_32_BIT_CONVERSION = YES;
				GCC_WARN_ABOUT_RETURN_TYPE = YES_ERROR;
				GCC_WARN_UNDECLARED_SELECTOR = YES;
				GCC_WARN_UNINITIALIZED_AUTOS = YES_AGGRESSIVE;
				GCC_WARN_UNUSED_FUNCTION = YES;
				GCC_WARN_UNUSED_VARIABLE = YES;
				IPHONEOS_DEPLOYMENT_TARGET = 13.0;
				MTL_ENABLE_DEBUG_INFO = INCLUDE_SOURCE;
				MTL_FAST_MATH = YES;
				ONLY_ACTIVE_ARCH = YES;
				SDKROOT = iphoneos;
				SWIFT_ACTIVE_COMPILATION_CONDITIONS = DEBUG;
				SWIFT_OPTIMIZATION_LEVEL = "-Onone";
			};
			name = Debug;
		};
		E9C0098E22C797BE00A4734D /* Release */ = {
			isa = XCBuildConfiguration;
			buildSettings = {
				ALWAYS_SEARCH_USER_PATHS = NO;
				CLANG_ANALYZER_NONNULL = YES;
				CLANG_ANALYZER_NUMBER_OBJECT_CONVERSION = YES_AGGRESSIVE;
				CLANG_CXX_LANGUAGE_STANDARD = "gnu++14";
				CLANG_CXX_LIBRARY = "libc++";
				CLANG_ENABLE_MODULES = YES;
				CLANG_ENABLE_OBJC_ARC = YES;
				CLANG_ENABLE_OBJC_WEAK = YES;
				CLANG_WARN_BLOCK_CAPTURE_AUTORELEASING = YES;
				CLANG_WARN_BOOL_CONVERSION = YES;
				CLANG_WARN_COMMA = YES;
				CLANG_WARN_CONSTANT_CONVERSION = YES;
				CLANG_WARN_DEPRECATED_OBJC_IMPLEMENTATIONS = YES;
				CLANG_WARN_DIRECT_OBJC_ISA_USAGE = YES_ERROR;
				CLANG_WARN_DOCUMENTATION_COMMENTS = YES;
				CLANG_WARN_EMPTY_BODY = YES;
				CLANG_WARN_ENUM_CONVERSION = YES;
				CLANG_WARN_INFINITE_RECURSION = YES;
				CLANG_WARN_INT_CONVERSION = YES;
				CLANG_WARN_NON_LITERAL_NULL_CONVERSION = YES;
				CLANG_WARN_OBJC_IMPLICIT_RETAIN_SELF = YES;
				CLANG_WARN_OBJC_LITERAL_CONVERSION = YES;
				CLANG_WARN_OBJC_ROOT_CLASS = YES_ERROR;
				CLANG_WARN_RANGE_LOOP_ANALYSIS = YES;
				CLANG_WARN_STRICT_PROTOTYPES = YES;
				CLANG_WARN_SUSPICIOUS_MOVE = YES;
				CLANG_WARN_UNGUARDED_AVAILABILITY = YES_AGGRESSIVE;
				CLANG_WARN_UNREACHABLE_CODE = YES;
				CLANG_WARN__DUPLICATE_METHOD_MATCH = YES;
				COPY_PHASE_STRIP = NO;
				DEBUG_INFORMATION_FORMAT = "dwarf-with-dsym";
				ENABLE_NS_ASSERTIONS = NO;
				ENABLE_STRICT_OBJC_MSGSEND = YES;
				GCC_C_LANGUAGE_STANDARD = gnu11;
				GCC_NO_COMMON_BLOCKS = YES;
				GCC_WARN_64_TO_32_BIT_CONVERSION = YES;
				GCC_WARN_ABOUT_RETURN_TYPE = YES_ERROR;
				GCC_WARN_UNDECLARED_SELECTOR = YES;
				GCC_WARN_UNINITIALIZED_AUTOS = YES_AGGRESSIVE;
				GCC_WARN_UNUSED_FUNCTION = YES;
				GCC_WARN_UNUSED_VARIABLE = YES;
				IPHONEOS_DEPLOYMENT_TARGET = 13.0;
				MTL_ENABLE_DEBUG_INFO = NO;
				MTL_FAST_MATH = YES;
				SDKROOT = iphoneos;
				SWIFT_COMPILATION_MODE = wholemodule;
				SWIFT_OPTIMIZATION_LEVEL = "-O";
				VALIDATE_PRODUCT = YES;
			};
			name = Release;
		};
		E9C0099022C797BE00A4734D /* Debug */ = {
			isa = XCBuildConfiguration;
			buildSettings = {
				ASSETCATALOG_COMPILER_APPICON_NAME = AppIcon;
				CODE_SIGN_STYLE = Automatic;
				DEVELOPMENT_ASSET_PATHS = "simpleViews/Preview\\ Content";
				ENABLE_PREVIEWS = YES;
				INFOPLIST_FILE = simpleViews/Info.plist;
				LD_RUNPATH_SEARCH_PATHS = (
					"$(inherited)",
					"@executable_path/Frameworks",
				);
				PRODUCT_BUNDLE_IDENTIFIER = my.com.simpleViews;
				PRODUCT_NAME = "$(TARGET_NAME)";
				SWIFT_VERSION = 5.0;
				TARGETED_DEVICE_FAMILY = "1,2";
			};
			name = Debug;
		};
		E9C0099122C797BE00A4734D /* Release */ = {
			isa = XCBuildConfiguration;
			buildSettings = {
				ASSETCATALOG_COMPILER_APPICON_NAME = AppIcon;
				CODE_SIGN_STYLE = Automatic;
				DEVELOPMENT_ASSET_PATHS = "simpleViews/Preview\\ Content";
				ENABLE_PREVIEWS = YES;
				INFOPLIST_FILE = simpleViews/Info.plist;
				LD_RUNPATH_SEARCH_PATHS = (
					"$(inherited)",
					"@executable_path/Frameworks",
				);
				PRODUCT_BUNDLE_IDENTIFIER = my.com.simpleViews;
				PRODUCT_NAME = "$(TARGET_NAME)";
				SWIFT_VERSION = 5.0;
				TARGETED_DEVICE_FAMILY = "1,2";
			};
			name = Release;
		};
/* End XCBuildConfiguration section */

/* Begin XCConfigurationList section */
		E9C0097622C797BB00A4734D /* Build configuration list for PBXProject "simpleViews" */ = {
			isa = XCConfigurationList;
			buildConfigurations = (
				E9C0098D22C797BE00A4734D /* Debug */,
				E9C0098E22C797BE00A4734D /* Release */,
			);
			defaultConfigurationIsVisible = 0;
			defaultConfigurationName = Release;
		};
		E9C0098F22C797BE00A4734D /* Build configuration list for PBXNativeTarget "simpleViews" */ = {
			isa = XCConfigurationList;
			buildConfigurations = (
				E9C0099022C797BE00A4734D /* Debug */,
				E9C0099122C797BE00A4734D /* Release */,
			);
			defaultConfigurationIsVisible = 0;
			defaultConfigurationName = Release;
		};
/* End XCConfigurationList section */
	};
	rootObject = E9C0097322C797BB00A4734D /* Project object */;
}
